// !$*UTF8*$!
{
	archiveVersion = 1;
	classes = {
	};
	objectVersion = 77;
	objects = {

/* Begin PBXContainerItemProxy section */
		36D0E2772D9D91A00028016F /* PBXContainerItemProxy */ = {
			isa = PBXContainerItemProxy;
			containerPortal = 36D0E25E2D9D919F0028016F /* Project object */;
			proxyType = 1;
			remoteGlobalIDString = 36D0E2652D9D919F0028016F;
			remoteInfo = UnitConversions;
		};
		36D0E2812D9D91A00028016F /* PBXContainerItemProxy */ = {
			isa = PBXContainerItemProxy;
			containerPortal = 36D0E25E2D9D919F0028016F /* Project object */;
			proxyType = 1;
			remoteGlobalIDString = 36D0E2652D9D919F0028016F;
			remoteInfo = UnitConversions;
		};
/* End PBXContainerItemProxy section */

/* Begin PBXFileReference section */
		36D0E2662D9D919F0028016F /* UnitConversions.app */ = {isa = PBXFileReference; explicitFileType = wrapper.application; includeInIndex = 0; path = UnitConversions.app; sourceTree = BUILT_PRODUCTS_DIR; };
		36D0E2762D9D91A00028016F /* UnitConversionsTests.xctest */ = {isa = PBXFileReference; explicitFileType = wrapper.cfbundle; includeInIndex = 0; path = UnitConversionsTests.xctest; sourceTree = BUILT_PRODUCTS_DIR; };
		36D0E2802D9D91A00028016F /* UnitConversionsUITests.xctest */ = {isa = PBXFileReference; explicitFileType = wrapper.cfbundle; includeInIndex = 0; path = UnitConversionsUITests.xctest; sourceTree = BUILT_PRODUCTS_DIR; };
/* End PBXFileReference section */

/* Begin PBXFileSystemSynchronizedRootGroup section */
		36D0E2682D9D919F0028016F /* UnitConversions */ = {
			isa = PBXFileSystemSynchronizedRootGroup;
			path = UnitConversions;
			sourceTree = "<group>";
		};
		36D0E2792D9D91A00028016F /* UnitConversionsTests */ = {
			isa = PBXFileSystemSynchronizedRootGroup;
			path = UnitConversionsTests;
			sourceTree = "<group>";
		};
		36D0E2832D9D91A00028016F /* UnitConversionsUITests */ = {
			isa = PBXFileSystemSynchronizedRootGroup;
			path = UnitConversionsUITests;
			sourceTree = "<group>";
		};
/* End PBXFileSystemSynchronizedRootGroup section */

/* Begin PBXFrameworksBuildPhase section */
		36D0E2632D9D919F0028016F /* Frameworks */ = {
			isa = PBXFrameworksBuildPhase;
			buildActionMask = 2147483647;
			files = (
			);
			runOnlyForDeploymentPostprocessing = 0;
		};
		36D0E2732D9D91A00028016F /* Frameworks */ = {
			isa = PBXFrameworksBuildPhase;
			buildActionMask = 2147483647;
			files = (
			);
			runOnlyForDeploymentPostprocessing = 0;
		};
		36D0E27D2D9D91A00028016F /* Frameworks */ = {
			isa = PBXFrameworksBuildPhase;
			buildActionMask = 2147483647;
			files = (
			);
			runOnlyForDeploymentPostprocessing = 0;
		};
/* End PBXFrameworksBuildPhase section */

/* Begin PBXGroup section */
		36D0E25D2D9D919F0028016F = {
			isa = PBXGroup;
			children = (
				36D0E2682D9D919F0028016F /* UnitConversions */,
				36D0E2792D9D91A00028016F /* UnitConversionsTests */,
				36D0E2832D9D91A00028016F /* UnitConversionsUITests */,
				36D0E2672D9D919F0028016F /* Products */,
			);
			sourceTree = "<group>";
		};
		36D0E2672D9D919F0028016F /* Products */ = {
			isa = PBXGroup;
			children = (
				36D0E2662D9D919F0028016F /* UnitConversions.app */,
				36D0E2762D9D91A00028016F /* UnitConversionsTests.xctest */,
				36D0E2802D9D91A00028016F /* UnitConversionsUITests.xctest */,
			);
			name = Products;
			sourceTree = "<group>";
		};
/* End PBXGroup section */

/* Begin PBXNativeTarget section */
		36D0E2652D9D919F0028016F /* UnitConversions */ = {
			isa = PBXNativeTarget;
			buildConfigurationList = 36D0E28A2D9D91A00028016F /* Build configuration list for PBXNativeTarget "UnitConversions" */;
			buildPhases = (
				36D0E2622D9D919F0028016F /* Sources */,
				36D0E2632D9D919F0028016F /* Frameworks */,
				36D0E2642D9D919F0028016F /* Resources */,
			);
			buildRules = (
			);
			dependencies = (
			);
			fileSystemSynchronizedGroups = (
				36D0E2682D9D919F0028016F /* UnitConversions */,
			);
			name = UnitConversions;
			packageProductDependencies = (
			);
			productName = UnitConversions;
			productReference = 36D0E2662D9D919F0028016F /* UnitConversions.app */;
			productType = "com.apple.product-type.application";
		};
		36D0E2752D9D91A00028016F /* UnitConversionsTests */ = {
			isa = PBXNativeTarget;
			buildConfigurationList = 36D0E28D2D9D91A00028016F /* Build configuration list for PBXNativeTarget "UnitConversionsTests" */;
			buildPhases = (
				36D0E2722D9D91A00028016F /* Sources */,
				36D0E2732D9D91A00028016F /* Frameworks */,
				36D0E2742D9D91A00028016F /* Resources */,
			);
			buildRules = (
			);
			dependencies = (
				36D0E2782D9D91A00028016F /* PBXTargetDependency */,
			);
			fileSystemSynchronizedGroups = (
				36D0E2792D9D91A00028016F /* UnitConversionsTests */,
			);
			name = UnitConversionsTests;
			packageProductDependencies = (
			);
			productName = UnitConversionsTests;
			productReference = 36D0E2762D9D91A00028016F /* UnitConversionsTests.xctest */;
			productType = "com.apple.product-type.bundle.unit-test";
		};
		36D0E27F2D9D91A00028016F /* UnitConversionsUITests */ = {
			isa = PBXNativeTarget;
			buildConfigurationList = 36D0E2902D9D91A00028016F /* Build configuration list for PBXNativeTarget "UnitConversionsUITests" */;
			buildPhases = (
				36D0E27C2D9D91A00028016F /* Sources */,
				36D0E27D2D9D91A00028016F /* Frameworks */,
				36D0E27E2D9D91A00028016F /* Resources */,
			);
			buildRules = (
			);
			dependencies = (
				36D0E2822D9D91A00028016F /* PBXTargetDependency */,
			);
			fileSystemSynchronizedGroups = (
				36D0E2832D9D91A00028016F /* UnitConversionsUITests */,
			);
			name = UnitConversionsUITests;
			packageProductDependencies = (
			);
			productName = UnitConversionsUITests;
			productReference = 36D0E2802D9D91A00028016F /* UnitConversionsUITests.xctest */;
			productType = "com.apple.product-type.bundle.ui-testing";
		};
/* End PBXNativeTarget section */

/* Begin PBXProject section */
		36D0E25E2D9D919F0028016F /* Project object */ = {
			isa = PBXProject;
			attributes = {
				BuildIndependentTargetsInParallel = 1;
				LastSwiftUpdateCheck = 1600;
				LastUpgradeCheck = 1600;
				TargetAttributes = {
					36D0E2652D9D919F0028016F = {
						CreatedOnToolsVersion = 16.0;
					};
					36D0E2752D9D91A00028016F = {
						CreatedOnToolsVersion = 16.0;
						TestTargetID = 36D0E2652D9D919F0028016F;
					};
					36D0E27F2D9D91A00028016F = {
						CreatedOnToolsVersion = 16.0;
						TestTargetID = 36D0E2652D9D919F0028016F;
					};
				};
			};
			buildConfigurationList = 36D0E2612D9D919F0028016F /* Build configuration list for PBXProject "UnitConversions" */;
			developmentRegion = en;
			hasScannedForEncodings = 0;
			knownRegions = (
				en,
				Base,
			);
			mainGroup = 36D0E25D2D9D919F0028016F;
			minimizedProjectReferenceProxies = 1;
			preferredProjectObjectVersion = 77;
			productRefGroup = 36D0E2672D9D919F0028016F /* Products */;
			projectDirPath = "";
			projectRoot = "";
			targets = (
				36D0E2652D9D919F0028016F /* UnitConversions */,
				36D0E2752D9D91A00028016F /* UnitConversionsTests */,
				36D0E27F2D9D91A00028016F /* UnitConversionsUITests */,
			);
		};
/* End PBXProject section */

/* Begin PBXResourcesBuildPhase section */
		36D0E2642D9D919F0028016F /* Resources */ = {
			isa = PBXResourcesBuildPhase;
			buildActionMask = 2147483647;
			files = (
			);
			runOnlyForDeploymentPostprocessing = 0;
		};
		36D0E2742D9D91A00028016F /* Resources */ = {
			isa = PBXResourcesBuildPhase;
			buildActionMask = 2147483647;
			files = (
			);
			runOnlyForDeploymentPostprocessing = 0;
		};
		36D0E27E2D9D91A00028016F /* Resources */ = {
			isa = PBXResourcesBuildPhase;
			buildActionMask = 2147483647;
			files = (
			);
			runOnlyForDeploymentPostprocessing = 0;
		};
/* End PBXResourcesBuildPhase section */

/* Begin PBXSourcesBuildPhase section */
		36D0E2622D9D919F0028016F /* Sources */ = {
			isa = PBXSourcesBuildPhase;
			buildActionMask = 2147483647;
			files = (
			);
			runOnlyForDeploymentPostprocessing = 0;
		};
		36D0E2722D9D91A00028016F /* Sources */ = {
			isa = PBXSourcesBuildPhase;
			buildActionMask = 2147483647;
			files = (
			);
			runOnlyForDeploymentPostprocessing = 0;
		};
		36D0E27C2D9D91A00028016F /* Sources */ = {
			isa = PBXSourcesBuildPhase;
			buildActionMask = 2147483647;
			files = (
			);
			runOnlyForDeploymentPostprocessing = 0;
		};
/* End PBXSourcesBuildPhase section */

/* Begin PBXTargetDependency section */
		36D0E2782D9D91A00028016F /* PBXTargetDependency */ = {
			isa = PBXTargetDependency;
			target = 36D0E2652D9D919F0028016F /* UnitConversions */;
			targetProxy = 36D0E2772D9D91A00028016F /* PBXContainerItemProxy */;
		};
		36D0E2822D9D91A00028016F /* PBXTargetDependency */ = {
			isa = PBXTargetDependency;
			target = 36D0E2652D9D919F0028016F /* UnitConversions */;
			targetProxy = 36D0E2812D9D91A00028016F /* PBXContainerItemProxy */;
		};
/* End PBXTargetDependency section */

/* Begin XCBuildConfiguration section */
		36D0E2882D9D91A00028016F /* Debug */ = {
			isa = XCBuildConfiguration;
			buildSettings = {
				ALWAYS_SEARCH_USER_PATHS = NO;
				ASSETCATALOG_COMPILER_GENERATE_SWIFT_ASSET_SYMBOL_EXTENSIONS = YES;
				CLANG_ANALYZER_NONNULL = YES;
				CLANG_ANALYZER_NUMBER_OBJECT_CONVERSION = YES_AGGRESSIVE;
				CLANG_CXX_LANGUAGE_STANDARD = "gnu++20";
				CLANG_ENABLE_MODULES = YES;
				CLANG_ENABLE_OBJC_ARC = YES;
				CLANG_ENABLE_OBJC_WEAK = YES;
				CLANG_WARN_BLOCK_CAPTURE_AUTORELEASING = YES;
				CLANG_WARN_BOOL_CONVERSION = YES;
				CLANG_WARN_COMMA = YES;
				CLANG_WARN_CONSTANT_CONVERSION = YES;
				CLANG_WARN_DEPRECATED_OBJC_IMPLEMENTATIONS = YES;
				CLANG_WARN_DIRECT_OBJC_ISA_USAGE = YES_ERROR;
				CLANG_WARN_DOCUMENTATION_COMMENTS = YES;
				CLANG_WARN_EMPTY_BODY = YES;
				CLANG_WARN_ENUM_CONVERSION = YES;
				CLANG_WARN_INFINITE_RECURSION = YES;
				CLANG_WARN_INT_CONVERSION = YES;
				CLANG_WARN_NON_LITERAL_NULL_CONVERSION = YES;
				CLANG_WARN_OBJC_IMPLICIT_RETAIN_SELF = YES;
				CLANG_WARN_OBJC_LITERAL_CONVERSION = YES;
				CLANG_WARN_OBJC_ROOT_CLASS = YES_ERROR;
				CLANG_WARN_QUOTED_INCLUDE_IN_FRAMEWORK_HEADER = YES;
				CLANG_WARN_RANGE_LOOP_ANALYSIS = YES;
				CLANG_WARN_STRICT_PROTOTYPES = YES;
				CLANG_WARN_SUSPICIOUS_MOVE = YES;
				CLANG_WARN_UNGUARDED_AVAILABILITY = YES_AGGRESSIVE;
				CLANG_WARN_UNREACHABLE_CODE = YES;
				CLANG_WARN__DUPLICATE_METHOD_MATCH = YES;
				COPY_PHASE_STRIP = NO;
				DEBUG_INFORMATION_FORMAT = dwarf;
				ENABLE_STRICT_OBJC_MSGSEND = YES;
				ENABLE_TESTABILITY = YES;
				ENABLE_USER_SCRIPT_SANDBOXING = YES;
				GCC_C_LANGUAGE_STANDARD = gnu17;
				GCC_DYNAMIC_NO_PIC = NO;
				GCC_NO_COMMON_BLOCKS = YES;
				GCC_OPTIMIZATION_LEVEL = 0;
				GCC_PREPROCESSOR_DEFINITIONS = (
					"DEBUG=1",
					"$(inherited)",
				);
				GCC_WARN_64_TO_32_BIT_CONVERSION = YES;
				GCC_WARN_ABOUT_RETURN_TYPE = YES_ERROR;
				GCC_WARN_UNDECLARED_SELECTOR = YES;
				GCC_WARN_UNINITIALIZED_AUTOS = YES_AGGRESSIVE;
				GCC_WARN_UNUSED_FUNCTION = YES;
				GCC_WARN_UNUSED_VARIABLE = YES;
				IPHONEOS_DEPLOYMENT_TARGET = 18.0;
				LOCALIZATION_PREFERS_STRING_CATALOGS = YES;
				MTL_ENABLE_DEBUG_INFO = INCLUDE_SOURCE;
				MTL_FAST_MATH = YES;
				ONLY_ACTIVE_ARCH = YES;
				SDKROOT = iphoneos;
				SWIFT_ACTIVE_COMPILATION_CONDITIONS = "DEBUG $(inherited)";
				SWIFT_OPTIMIZATION_LEVEL = "-Onone";
			};
			name = Debug;
		};
		36D0E2892D9D91A00028016F /* Release */ = {
			isa = XCBuildConfiguration;
			buildSettings = {
				ALWAYS_SEARCH_USER_PATHS = NO;
				ASSETCATALOG_COMPILER_GENERATE_SWIFT_ASSET_SYMBOL_EXTENSIONS = YES;
				CLANG_ANALYZER_NONNULL = YES;
				CLANG_ANALYZER_NUMBER_OBJECT_CONVERSION = YES_AGGRESSIVE;
				CLANG_CXX_LANGUAGE_STANDARD = "gnu++20";
				CLANG_ENABLE_MODULES = YES;
				CLANG_ENABLE_OBJC_ARC = YES;
				CLANG_ENABLE_OBJC_WEAK = YES;
				CLANG_WARN_BLOCK_CAPTURE_AUTORELEASING = YES;
				CLANG_WARN_BOOL_CONVERSION = YES;
				CLANG_WARN_COMMA = YES;
				CLANG_WARN_CONSTANT_CONVERSION = YES;
				CLANG_WARN_DEPRECATED_OBJC_IMPLEMENTATIONS = YES;
				CLANG_WARN_DIRECT_OBJC_ISA_USAGE = YES_ERROR;
				CLANG_WARN_DOCUMENTATION_COMMENTS = YES;
				CLANG_WARN_EMPTY_BODY = YES;
				CLANG_WARN_ENUM_CONVERSION = YES;
				CLANG_WARN_INFINITE_RECURSION = YES;
				CLANG_WARN_INT_CONVERSION = YES;
				CLANG_WARN_NON_LITERAL_NULL_CONVERSION = YES;
				CLANG_WARN_OBJC_IMPLICIT_RETAIN_SELF = YES;
				CLANG_WARN_OBJC_LITERAL_CONVERSION = YES;
				CLANG_WARN_OBJC_ROOT_CLASS = YES_ERROR;
				CLANG_WARN_QUOTED_INCLUDE_IN_FRAMEWORK_HEADER = YES;
				CLANG_WARN_RANGE_LOOP_ANALYSIS = YES;
				CLANG_WARN_STRICT_PROTOTYPES = YES;
				CLANG_WARN_SUSPICIOUS_MOVE = YES;
				CLANG_WARN_UNGUARDED_AVAILABILITY = YES_AGGRESSIVE;
				CLANG_WARN_UNREACHABLE_CODE = YES;
				CLANG_WARN__DUPLICATE_METHOD_MATCH = YES;
				COPY_PHASE_STRIP = NO;
				DEBUG_INFORMATION_FORMAT = "dwarf-with-dsym";
				ENABLE_NS_ASSERTIONS = NO;
				ENABLE_STRICT_OBJC_MSGSEND = YES;
				ENABLE_USER_SCRIPT_SANDBOXING = YES;
				GCC_C_LANGUAGE_STANDARD = gnu17;
				GCC_NO_COMMON_BLOCKS = YES;
				GCC_WARN_64_TO_32_BIT_CONVERSION = YES;
				GCC_WARN_ABOUT_RETURN_TYPE = YES_ERROR;
				GCC_WARN_UNDECLARED_SELECTOR = YES;
				GCC_WARN_UNINITIALIZED_AUTOS = YES_AGGRESSIVE;
				GCC_WARN_UNUSED_FUNCTION = YES;
				GCC_WARN_UNUSED_VARIABLE = YES;
				IPHONEOS_DEPLOYMENT_TARGET = 18.0;
				LOCALIZATION_PREFERS_STRING_CATALOGS = YES;
				MTL_ENABLE_DEBUG_INFO = NO;
				MTL_FAST_MATH = YES;
				SDKROOT = iphoneos;
				SWIFT_COMPILATION_MODE = wholemodule;
				VALIDATE_PRODUCT = YES;
			};
			name = Release;
		};
		36D0E28B2D9D91A00028016F /* Debug */ = {
			isa = XCBuildConfiguration;
			buildSettings = {
				ASSETCATALOG_COMPILER_APPICON_NAME = AppIcon;
				ASSETCATALOG_COMPILER_GLOBAL_ACCENT_COLOR_NAME = AccentColor;
				CODE_SIGN_STYLE = Automatic;
				CURRENT_PROJECT_VERSION = 1;
				DEVELOPMENT_ASSET_PATHS = "\"UnitConversions/Preview Content\"";
				DEVELOPMENT_TEAM = Q869QNVBLN;
				ENABLE_PREVIEWS = YES;
				GENERATE_INFOPLIST_FILE = YES;
				INFOPLIST_KEY_UIApplicationSceneManifest_Generation = YES;
				INFOPLIST_KEY_UIApplicationSupportsIndirectInputEvents = YES;
				INFOPLIST_KEY_UILaunchScreen_Generation = YES;
				INFOPLIST_KEY_UISupportedInterfaceOrientations_iPad = "UIInterfaceOrientationPortrait UIInterfaceOrientationPortraitUpsideDown UIInterfaceOrientationLandscapeLeft UIInterfaceOrientationLandscapeRight";
				INFOPLIST_KEY_UISupportedInterfaceOrientations_iPhone = "UIInterfaceOrientationPortrait UIInterfaceOrientationLandscapeLeft UIInterfaceOrientationLandscapeRight";
				LD_RUNPATH_SEARCH_PATHS = (
					"$(inherited)",
					"@executable_path/Frameworks",
				);
				MARKETING_VERSION = 1.0;
				PRODUCT_BUNDLE_IDENTIFIER = llevedkcatslluf.UnitConversions;
				PRODUCT_NAME = "$(TARGET_NAME)";
				SWIFT_EMIT_LOC_STRINGS = YES;
				SWIFT_VERSION = 5.0;
				TARGETED_DEVICE_FAMILY = "1,2";
			};
			name = Debug;
		};
		36D0E28C2D9D91A00028016F /* Release */ = {
			isa = XCBuildConfiguration;
			buildSettings = {
				ASSETCATALOG_COMPILER_APPICON_NAME = AppIcon;
				ASSETCATALOG_COMPILER_GLOBAL_ACCENT_COLOR_NAME = AccentColor;
				CODE_SIGN_STYLE = Automatic;
				CURRENT_PROJECT_VERSION = 1;
				DEVELOPMENT_ASSET_PATHS = "\"UnitConversions/Preview Content\"";
				DEVELOPMENT_TEAM = Q869QNVBLN;
				ENABLE_PREVIEWS = YES;
				GENERATE_INFOPLIST_FILE = YES;
				INFOPLIST_KEY_UIApplicationSceneManifest_Generation = YES;
				INFOPLIST_KEY_UIApplicationSupportsIndirectInputEvents = YES;
				INFOPLIST_KEY_UILaunchScreen_Generation = YES;
				INFOPLIST_KEY_UISupportedInterfaceOrientations_iPad = "UIInterfaceOrientationPortrait UIInterfaceOrientationPortraitUpsideDown UIInterfaceOrientationLandscapeLeft UIInterfaceOrientationLandscapeRight";
				INFOPLIST_KEY_UISupportedInterfaceOrientations_iPhone = "UIInterfaceOrientationPortrait UIInterfaceOrientationLandscapeLeft UIInterfaceOrientationLandscapeRight";
				LD_RUNPATH_SEARCH_PATHS = (
					"$(inherited)",
					"@executable_path/Frameworks",
				);
				MARKETING_VERSION = 1.0;
				PRODUCT_BUNDLE_IDENTIFIER = llevedkcatslluf.UnitConversions;
				PRODUCT_NAME = "$(TARGET_NAME)";
				SWIFT_EMIT_LOC_STRINGS = YES;
				SWIFT_VERSION = 5.0;
				TARGETED_DEVICE_FAMILY = "1,2";
			};
			name = Release;
		};
		36D0E28E2D9D91A00028016F /* Debug */ = {
			isa = XCBuildConfiguration;
			buildSettings = {
				BUNDLE_LOADER = "$(TEST_HOST)";
				CODE_SIGN_STYLE = Automatic;
				CURRENT_PROJECT_VERSION = 1;
				DEVELOPMENT_TEAM = Q869QNVBLN;
				GENERATE_INFOPLIST_FILE = YES;
				IPHONEOS_DEPLOYMENT_TARGET = 18.0;
				MARKETING_VERSION = 1.0;
				PRODUCT_BUNDLE_IDENTIFIER = llevedkcatslluf.UnitConversionsTests;
				PRODUCT_NAME = "$(TARGET_NAME)";
				SWIFT_EMIT_LOC_STRINGS = NO;
				SWIFT_VERSION = 5.0;
				TARGETED_DEVICE_FAMILY = "1,2";
				TEST_HOST = "$(BUILT_PRODUCTS_DIR)/UnitConversions.app/$(BUNDLE_EXECUTABLE_FOLDER_PATH)/UnitConversions";
			};
			name = Debug;
		};
		36D0E28F2D9D91A00028016F /* Release */ = {
			isa = XCBuildConfiguration;
			buildSettings = {
				BUNDLE_LOADER = "$(TEST_HOST)";
				CODE_SIGN_STYLE = Automatic;
				CURRENT_PROJECT_VERSION = 1;
				DEVELOPMENT_TEAM = Q869QNVBLN;
				GENERATE_INFOPLIST_FILE = YES;
				IPHONEOS_DEPLOYMENT_TARGET = 18.0;
				MARKETING_VERSION = 1.0;
				PRODUCT_BUNDLE_IDENTIFIER = llevedkcatslluf.UnitConversionsTests;
				PRODUCT_NAME = "$(TARGET_NAME)";
				SWIFT_EMIT_LOC_STRINGS = NO;
				SWIFT_VERSION = 5.0;
				TARGETED_DEVICE_FAMILY = "1,2";
				TEST_HOST = "$(BUILT_PRODUCTS_DIR)/UnitConversions.app/$(BUNDLE_EXECUTABLE_FOLDER_PATH)/UnitConversions";
			};
			name = Release;
		};
		36D0E2912D9D91A00028016F /* Debug */ = {
			isa = XCBuildConfiguration;
			buildSettings = {
				CODE_SIGN_STYLE = Automatic;
				CURRENT_PROJECT_VERSION = 1;
				DEVELOPMENT_TEAM = Q869QNVBLN;
				GENERATE_INFOPLIST_FILE = YES;
				MARKETING_VERSION = 1.0;
				PRODUCT_BUNDLE_IDENTIFIER = llevedkcatslluf.UnitConversionsUITests;
				PRODUCT_NAME = "$(TARGET_NAME)";
				SWIFT_EMIT_LOC_STRINGS = NO;
				SWIFT_VERSION = 5.0;
				TARGETED_DEVICE_FAMILY = "1,2";
				TEST_TARGET_NAME = UnitConversions;
			};
			name = Debug;
		};
		36D0E2922D9D91A00028016F /* Release */ = {
			isa = XCBuildConfiguration;
			buildSettings = {
				CODE_SIGN_STYLE = Automatic;
				CURRENT_PROJECT_VERSION = 1;
				DEVELOPMENT_TEAM = Q869QNVBLN;
				GENERATE_INFOPLIST_FILE = YES;
				MARKETING_VERSION = 1.0;
				PRODUCT_BUNDLE_IDENTIFIER = llevedkcatslluf.UnitConversionsUITests;
				PRODUCT_NAME = "$(TARGET_NAME)";
				SWIFT_EMIT_LOC_STRINGS = NO;
				SWIFT_VERSION = 5.0;
				TARGETED_DEVICE_FAMILY = "1,2";
				TEST_TARGET_NAME = UnitConversions;
			};
			name = Release;
		};
/* End XCBuildConfiguration section */

/* Begin XCConfigurationList section */
		36D0E2612D9D919F0028016F /* Build configuration list for PBXProject "UnitConversions" */ = {
			isa = XCConfigurationList;
			buildConfigurations = (
				36D0E2882D9D91A00028016F /* Debug */,
				36D0E2892D9D91A00028016F /* Release */,
			);
			defaultConfigurationIsVisible = 0;
			defaultConfigurationName = Release;
		};
		36D0E28A2D9D91A00028016F /* Build configuration list for PBXNativeTarget "UnitConversions" */ = {
			isa = XCConfigurationList;
			buildConfigurations = (
				36D0E28B2D9D91A00028016F /* Debug */,
				36D0E28C2D9D91A00028016F /* Release */,
			);
			defaultConfigurationIsVisible = 0;
			defaultConfigurationName = Release;
		};
		36D0E28D2D9D91A00028016F /* Build configuration list for PBXNativeTarget "UnitConversionsTests" */ = {
			isa = XCConfigurationList;
			buildConfigurations = (
				36D0E28E2D9D91A00028016F /* Debug */,
				36D0E28F2D9D91A00028016F /* Release */,
			);
			defaultConfigurationIsVisible = 0;
			defaultConfigurationName = Release;
		};
		36D0E2902D9D91A00028016F /* Build configuration list for PBXNativeTarget "UnitConversionsUITests" */ = {
			isa = XCConfigurationList;
			buildConfigurations = (
				36D0E2912D9D91A00028016F /* Debug */,
				36D0E2922D9D91A00028016F /* Release */,
			);
			defaultConfigurationIsVisible = 0;
			defaultConfigurationName = Release;
		};
/* End XCConfigurationList section */
	};
	rootObject = 36D0E25E2D9D919F0028016F /* Project object */;
}
